
Microsoft Visual Studio Solution File, Format Version 12.00
# Visual Studio Version 16
VisualStudioVersion = 16.0.30204.135
MinimumVisualStudioVersion = 10.0.40219.1
Project("{535C04D7-A2A5-47C7-83E0-B340A995CD1F}") = "STARTPROG", "STARTPROG.cblproj", "{B5074576-E9B5-4547-A500-DA1BF76559C9}"
EndProject
Project("{535C04D7-A2A5-47C7-83E0-B340A995CD1F}") = "CBLPROJ", "..\CBLPROJ\CBLPROJ.cblproj", "{0F90F167-9333-47FA-A8A9-56270D7AA126}"
EndProject
Project("{535C04D7-A2A5-47C7-83E0-B340A995CD1F}") = "ICPROJ", "..\ICPROJ\ICPROJ.cblproj", "{9713198C-33C9-4F28-81EE-9A63DBCB14E7}"
EndProject
Project("{535C04D7-A2A5-47C7-83E0-B340A995CD1F}") = "MSPROJ", "..\MSPROJ\MSPROJ.cblproj", "{804D279D-F9F6-437B-A4EB-8BAD21EF10D0}"
EndProject
Project("{535C04D7-A2A5-47C7-83E0-B340A995CD1F}") = "SAPROJ", "..\SAPROJ\SAPROJ.cblproj", "{6F636C5E-CC4D-4B17-973E-ADF7DDFECCF7}"
EndProject
Project("{535C04D7-A2A5-47C7-83E0-B340A995CD1F}") = "APPROJ", "..\APPROJ\APPROJ.cblproj", "{6F145F5A-6832-4BC6-87C4-57A00E48D3A3}"
EndProject
Global
	GlobalSection(SolutionConfigurationPlatforms) = preSolution
		Debug|Any CPU = Debug|Any CPU
		Debug|x64 = Debug|x64
		Release|Any CPU = Release|Any CPU
		Release|x64 = Release|x64
	EndGlobalSection
	GlobalSection(ProjectConfigurationPlatforms) = postSolution
		{B5074576-E9B5-4547-A500-DA1BF76559C9}.Debug|Any CPU.ActiveCfg = Debug|Any CPU
		{B5074576-E9B5-4547-A500-DA1BF76559C9}.Debug|Any CPU.Build.0 = Debug|Any CPU
		{B5074576-E9B5-4547-A500-DA1BF76559C9}.Debug|x64.ActiveCfg = Debug|Any CPU
		{B5074576-E9B5-4547-A500-DA1BF76559C9}.Debug|x64.Build.0 = Debug|Any CPU
		{B5074576-E9B5-4547-A500-DA1BF76559C9}.Release|Any CPU.ActiveCfg = Debug|Any CPU
		{B5074576-E9B5-4547-A500-DA1BF76559C9}.Release|Any CPU.Build.0 = Debug|Any CPU
		{B5074576-E9B5-4547-A500-DA1BF76559C9}.Release|x64.ActiveCfg = Release|Any CPU
		{B5074576-E9B5-4547-A500-DA1BF76559C9}.Release|x64.Build.0 = Release|Any CPU
		{0F90F167-9333-47FA-A8A9-56270D7AA126}.Debug|Any CPU.ActiveCfg = Debug|Any CPU
		{0F90F167-9333-47FA-A8A9-56270D7AA126}.Debug|Any CPU.Build.0 = Debug|Any CPU
		{0F90F167-9333-47FA-A8A9-56270D7AA126}.Debug|x64.ActiveCfg = Debug|x64
		{0F90F167-9333-47FA-A8A9-56270D7AA126}.Debug|x64.Build.0 = Debug|x64
		{0F90F167-9333-47FA-A8A9-56270D7AA126}.Release|Any CPU.ActiveCfg = Debug|Any CPU
		{0F90F167-9333-47FA-A8A9-56270D7AA126}.Release|Any CPU.Build.0 = Debug|Any CPU
		{0F90F167-9333-47FA-A8A9-56270D7AA126}.Release|x64.ActiveCfg = Release|x64
		{0F90F167-9333-47FA-A8A9-56270D7AA126}.Release|x64.Build.0 = Release|x64
		{9713198C-33C9-4F28-81EE-9A63DBCB14E7}.Debug|Any CPU.ActiveCfg = Debug|Any CPU
		{9713198C-33C9-4F28-81EE-9A63DBCB14E7}.Debug|Any CPU.Build.0 = Debug|Any CPU
		{9713198C-33C9-4F28-81EE-9A63DBCB14E7}.Debug|x64.ActiveCfg = Debug|x64
		{9713198C-33C9-4F28-81EE-9A63DBCB14E7}.Debug|x64.Build.0 = Debug|x64
		{9713198C-33C9-4F28-81EE-9A63DBCB14E7}.Release|Any CPU.ActiveCfg = Release|Any CPU
		{9713198C-33C9-4F28-81EE-9A63DBCB14E7}.Release|Any CPU.Build.0 = Release|Any CPU
		{9713198C-33C9-4F28-81EE-9A63DBCB14E7}.Release|x64.ActiveCfg = Release|x64
		{9713198C-33C9-4F28-81EE-9A63DBCB14E7}.Release|x64.Build.0 = Release|x64
		{804D279D-F9F6-437B-A4EB-8BAD21EF10D0}.Debug|Any CPU.ActiveCfg = Debug|Any CPU
		{804D279D-F9F6-437B-A4EB-8BAD21EF10D0}.Debug|Any CPU.Build.0 = Debug|Any CPU
		{804D279D-F9F6-437B-A4EB-8BAD21EF10D0}.Debug|x64.ActiveCfg = Debug|x64
		{804D279D-F9F6-437B-A4EB-8BAD21EF10D0}.Debug|x64.Build.0 = Debug|x64
		{804D279D-F9F6-437B-A4EB-8BAD21EF10D0}.Release|Any CPU.ActiveCfg = Release|Any CPU
		{804D279D-F9F6-437B-A4EB-8BAD21EF10D0}.Release|Any CPU.Build.0 = Release|Any CPU
		{804D279D-F9F6-437B-A4EB-8BAD21EF10D0}.Release|x64.ActiveCfg = Release|x64
		{804D279D-F9F6-437B-A4EB-8BAD21EF10D0}.Release|x64.Build.0 = Release|x64
		{6F636C5E-CC4D-4B17-973E-ADF7DDFECCF7}.Debug|Any CPU.ActiveCfg = Debug|Any CPU
		{6F636C5E-CC4D-4B17-973E-ADF7DDFECCF7}.Debug|Any CPU.Build.0 = Debug|Any CPU
		{6F636C5E-CC4D-4B17-973E-ADF7DDFECCF7}.Debug|x64.ActiveCfg = Debug|x64
		{6F636C5E-CC4D-4B17-973E-ADF7DDFECCF7}.Debug|x64.Build.0 = Debug|x64
		{6F636C5E-CC4D-4B17-973E-ADF7DDFECCF7}.Release|Any CPU.ActiveCfg = Release|Any CPU
		{6F636C5E-CC4D-4B17-973E-ADF7DDFECCF7}.Release|Any CPU.Build.0 = Release|Any CPU
		{6F636C5E-CC4D-4B17-973E-ADF7DDFECCF7}.Release|x64.ActiveCfg = Release|x64
		{6F636C5E-CC4D-4B17-973E-ADF7DDFECCF7}.Release|x64.Build.0 = Release|x64
		{6F145F5A-6832-4BC6-87C4-57A00E48D3A3}.Debug|Any CPU.ActiveCfg = Debug|Any CPU
		{6F145F5A-6832-4BC6-87C4-57A00E48D3A3}.Debug|Any CPU.Build.0 = Debug|Any CPU
		{6F145F5A-6832-4BC6-87C4-57A00E48D3A3}.Debug|x64.ActiveCfg = Debug|x64
		{6F145F5A-6832-4BC6-87C4-57A00E48D3A3}.Debug|x64.Build.0 = Debug|x64
		{6F145F5A-6832-4BC6-87C4-57A00E48D3A3}.Release|Any CPU.ActiveCfg = Release|Any CPU
		{6F145F5A-6832-4BC6-87C4-57A00E48D3A3}.Release|Any CPU.Build.0 = Release|Any CPU
		{6F145F5A-6832-4BC6-87C4-57A00E48D3A3}.Release|x64.ActiveCfg = Release|x64
		{6F145F5A-6832-4BC6-87C4-57A00E48D3A3}.Release|x64.Build.0 = Release|x64
	EndGlobalSection
	GlobalSection(SolutionProperties) = preSolution
		HideSolutionNode = FALSE
	EndGlobalSection
	GlobalSection(ExtensibilityGlobals) = postSolution
		SolutionGuid = {5BCF08CD-79D5-418C-8550-A80ECAE1F764}
	EndGlobalSection
EndGlobal
